
Microsoft Visual Studio Solution File, Format Version 12.00
# Visual Studio 15
VisualStudioVersion = 15.0.28307.1000
MinimumVisualStudioVersion = 10.0.40219.1
Project("{FAE04EC0-301F-11D3-BF4B-00C04F79EFBC}") = "Main", "Main\Main.csproj", "{7CAD0D74-CE05-4111-908E-8424D6E7C2C7}"
EndProject
Global
	GlobalSection(SolutionConfigurationPlatforms) = preSolution
		Debug|Any CPU = Debug|Any CPU
		Release|Any CPU = Release|Any CPU
	EndGlobalSection
	GlobalSection(ProjectConfigurationPlatforms) = postSolution
		{7CAD0D74-CE05-4111-908E-8424D6E7C2C7}.Debug|Any CPU.ActiveCfg = Debug|Any CPU
		{7CAD0D74-CE05-4111-908E-8424D6E7C2C7}.Debug|Any CPU.Build.0 = Debug|Any CPU
		{7CAD0D74-CE05-4111-908E-8424D6E7C2C7}.Release|Any CPU.ActiveCfg = Release|Any CPU
		{7CAD0D74-CE05-4111-908E-8424D6E7C2C7}.Release|Any CPU.Build.0 = Release|Any CPU
		{0A23AD8E-9401-4F52-990D-AA79E3A2E551}.Debug|Any CPU.ActiveCfg = Debug|Any CPU
		{0A23AD8E-9401-4F52-990D-AA79E3A2E551}.Debug|Any CPU.Build.0 = Debug|Any CPU
		{0A23AD8E-9401-4F52-990D-AA79E3A2E551}.Release|Any CPU.ActiveCfg = Release|Any CPU
		{0A23AD8E-9401-4F52-990D-AA79E3A2E551}.Release|Any CPU.Build.0 = Release|Any CPU
	EndGlobalSection
	GlobalSection(SolutionProperties) = preSolution
		HideSolutionNode = FALSE
	EndGlobalSection
	GlobalSection(ExtensibilityGlobals) = postSolution
		SolutionGuid = {301EAACD-827D-4F60-A243-E2DD428725CD}
	EndGlobalSection
EndGlobal
